
Microsoft Visual Studio Solution File, Format Version 12.00
# Visual Studio Version 17
VisualStudioVersion = 17.2.32602.215
MinimumVisualStudioVersion = 10.0.40219.1
Project("{FAE04EC0-301F-11D3-BF4B-00C04F79EFBC}") = "banco de dados", "banco de dados\banco de dados.csproj", "{8452EEE5-ED9F-444E-A7B8-B6BB588CA886}"
EndProject
Global
	GlobalSection(SolutionConfigurationPlatforms) = preSolution
		Debug|Any CPU = Debug|Any CPU
		Release|Any CPU = Release|Any CPU
	EndGlobalSection
	GlobalSection(ProjectConfigurationPlatforms) = postSolution
		{8452EEE5-ED9F-444E-A7B8-B6BB588CA886}.Debug|Any CPU.ActiveCfg = Debug|Any CPU
		{8452EEE5-ED9F-444E-A7B8-B6BB588CA886}.Debug|Any CPU.Build.0 = Debug|Any CPU
		{8452EEE5-ED9F-444E-A7B8-B6BB588CA886}.Release|Any CPU.ActiveCfg = Release|Any CPU
		{8452EEE5-ED9F-444E-A7B8-B6BB588CA886}.Release|Any CPU.Build.0 = Release|Any CPU
	EndGlobalSection
	GlobalSection(SolutionProperties) = preSolution
		HideSolutionNode = FALSE
	EndGlobalSection
	GlobalSection(ExtensibilityGlobals) = postSolution
		SolutionGuid = {C55F4C86-4994-454E-9935-3086746FBDD9}
	EndGlobalSection
EndGlobal
